// !$*UTF8*$!
{
	archiveVersion = 1;
	classes = {
	};
	objectVersion = 56;
	objects = {

/* Begin PBXBuildFile section */
		A74149832A826F3C00559757 /* AppDelegate.swift in Sources */ = {isa = PBXBuildFile; fileRef = A74149822A826F3C00559757 /* AppDelegate.swift */; };
		A74149852A826F3C00559757 /* SceneDelegate.swift in Sources */ = {isa = PBXBuildFile; fileRef = A74149842A826F3C00559757 /* SceneDelegate.swift */; };
		A74149872A826F3C00559757 /* ClassBookingViewController.swift in Sources */ = {isa = PBXBuildFile; fileRef = A74149862A826F3C00559757 /* ClassBookingViewController.swift */; };
		A741498A2A826F3C00559757 /* Main.storyboard in Resources */ = {isa = PBXBuildFile; fileRef = A74149882A826F3C00559757 /* Main.storyboard */; };
		A741498D2A826F3C00559757 /* ClassBookingApp.xcdatamodeld in Sources */ = {isa = PBXBuildFile; fileRef = A741498B2A826F3C00559757 /* ClassBookingApp.xcdatamodeld */; };
		A741498F2A826F3D00559757 /* Assets.xcassets in Resources */ = {isa = PBXBuildFile; fileRef = A741498E2A826F3D00559757 /* Assets.xcassets */; };
		A74149922A826F3D00559757 /* LaunchScreen.storyboard in Resources */ = {isa = PBXBuildFile; fileRef = A74149902A826F3D00559757 /* LaunchScreen.storyboard */; };
		A741499B2A8272BE00559757 /* ClassBookingItems+CoreDataClass.swift in Sources */ = {isa = PBXBuildFile; fileRef = A74149992A8272BE00559757 /* ClassBookingItems+CoreDataClass.swift */; };
		A741499C2A8272BE00559757 /* ClassBookingItems+CoreDataProperties.swift in Sources */ = {isa = PBXBuildFile; fileRef = A741499A2A8272BE00559757 /* ClassBookingItems+CoreDataProperties.swift */; };
		A741499F2A82776300559757 /* ClassBookingViewModal.swift in Sources */ = {isa = PBXBuildFile; fileRef = A741499E2A82776300559757 /* ClassBookingViewModal.swift */; };
		A74149A12A827E2B00559757 /* BookingData.json in Resources */ = {isa = PBXBuildFile; fileRef = A74149A02A827E2B00559757 /* BookingData.json */; };
		A74149A32A82908800559757 /* ClassBookingViewModal+DataArray.swift in Sources */ = {isa = PBXBuildFile; fileRef = A74149A22A82908800559757 /* ClassBookingViewModal+DataArray.swift */; };
		A74149AA2A82A61600559757 /* ClassBookingTableCell.swift in Sources */ = {isa = PBXBuildFile; fileRef = A74149A82A82A61600559757 /* ClassBookingTableCell.swift */; };
		A74149AB2A82A61600559757 /* ClassBookingTableCell.xib in Resources */ = {isa = PBXBuildFile; fileRef = A74149A92A82A61600559757 /* ClassBookingTableCell.xib */; };
		A74149AD2A82B21500559757 /* extensions.swift in Sources */ = {isa = PBXBuildFile; fileRef = A74149AC2A82B21500559757 /* extensions.swift */; };
		A74149AF2A82CC2700559757 /* ClassCartViewController.swift in Sources */ = {isa = PBXBuildFile; fileRef = A74149AE2A82CC2700559757 /* ClassCartViewController.swift */; };
/* End PBXBuildFile section */

/* Begin PBXFileReference section */
		A741497F2A826F3C00559757 /* ClassBookingApp.app */ = {isa = PBXFileReference; explicitFileType = wrapper.application; includeInIndex = 0; path = ClassBookingApp.app; sourceTree = BUILT_PRODUCTS_DIR; };
		A74149822A826F3C00559757 /* AppDelegate.swift */ = {isa = PBXFileReference; lastKnownFileType = sourcecode.swift; path = AppDelegate.swift; sourceTree = "<group>"; };
		A74149842A826F3C00559757 /* SceneDelegate.swift */ = {isa = PBXFileReference; lastKnownFileType = sourcecode.swift; path = SceneDelegate.swift; sourceTree = "<group>"; };
		A74149862A826F3C00559757 /* ClassBookingViewController.swift */ = {isa = PBXFileReference; lastKnownFileType = sourcecode.swift; path = ClassBookingViewController.swift; sourceTree = "<group>"; };
		A74149892A826F3C00559757 /* Base */ = {isa = PBXFileReference; lastKnownFileType = file.storyboard; name = Base; path = Base.lproj/Main.storyboard; sourceTree = "<group>"; };
		A741498C2A826F3C00559757 /* ClassBookingApp.xcdatamodel */ = {isa = PBXFileReference; lastKnownFileType = wrapper.xcdatamodel; path = ClassBookingApp.xcdatamodel; sourceTree = "<group>"; };
		A741498E2A826F3D00559757 /* Assets.xcassets */ = {isa = PBXFileReference; lastKnownFileType = folder.assetcatalog; path = Assets.xcassets; sourceTree = "<group>"; };
		A74149912A826F3D00559757 /* Base */ = {isa = PBXFileReference; lastKnownFileType = file.storyboard; name = Base; path = Base.lproj/LaunchScreen.storyboard; sourceTree = "<group>"; };
		A74149932A826F3D00559757 /* Info.plist */ = {isa = PBXFileReference; lastKnownFileType = text.plist.xml; path = Info.plist; sourceTree = "<group>"; };
		A74149992A8272BE00559757 /* ClassBookingItems+CoreDataClass.swift */ = {isa = PBXFileReference; lastKnownFileType = sourcecode.swift; path = "ClassBookingItems+CoreDataClass.swift"; sourceTree = "<group>"; };
		A741499A2A8272BE00559757 /* ClassBookingItems+CoreDataProperties.swift */ = {isa = PBXFileReference; lastKnownFileType = sourcecode.swift; path = "ClassBookingItems+CoreDataProperties.swift"; sourceTree = "<group>"; };
		A741499E2A82776300559757 /* ClassBookingViewModal.swift */ = {isa = PBXFileReference; lastKnownFileType = sourcecode.swift; path = ClassBookingViewModal.swift; sourceTree = "<group>"; };
		A74149A02A827E2B00559757 /* BookingData.json */ = {isa = PBXFileReference; lastKnownFileType = text.json; path = BookingData.json; sourceTree = "<group>"; };
		A74149A22A82908800559757 /* ClassBookingViewModal+DataArray.swift */ = {isa = PBXFileReference; lastKnownFileType = sourcecode.swift; path = "ClassBookingViewModal+DataArray.swift"; sourceTree = "<group>"; };
		A74149A82A82A61600559757 /* ClassBookingTableCell.swift */ = {isa = PBXFileReference; lastKnownFileType = sourcecode.swift; path = ClassBookingTableCell.swift; sourceTree = "<group>"; };
		A74149A92A82A61600559757 /* ClassBookingTableCell.xib */ = {isa = PBXFileReference; lastKnownFileType = file.xib; path = ClassBookingTableCell.xib; sourceTree = "<group>"; };
		A74149AC2A82B21500559757 /* extensions.swift */ = {isa = PBXFileReference; lastKnownFileType = sourcecode.swift; path = extensions.swift; sourceTree = "<group>"; };
		A74149AE2A82CC2700559757 /* ClassCartViewController.swift */ = {isa = PBXFileReference; lastKnownFileType = sourcecode.swift; path = ClassCartViewController.swift; sourceTree = "<group>"; };
/* End PBXFileReference section */

/* Begin PBXFrameworksBuildPhase section */
		A741497C2A826F3C00559757 /* Frameworks */ = {
			isa = PBXFrameworksBuildPhase;
			buildActionMask = 2147483647;
			files = (
			);
			runOnlyForDeploymentPostprocessing = 0;
		};
/* End PBXFrameworksBuildPhase section */

/* Begin PBXGroup section */
		A74149762A826F3C00559757 = {
			isa = PBXGroup;
			children = (
				A74149812A826F3C00559757 /* ClassBookingApp */,
				A74149802A826F3C00559757 /* Products */,
			);
			sourceTree = "<group>";
		};
		A74149802A826F3C00559757 /* Products */ = {
			isa = PBXGroup;
			children = (
				A741497F2A826F3C00559757 /* ClassBookingApp.app */,
			);
			name = Products;
			sourceTree = "<group>";
		};
		A74149812A826F3C00559757 /* ClassBookingApp */ = {
			isa = PBXGroup;
			children = (
				A741499D2A8272D000559757 /* ClassBookingItems */,
				A74149822A826F3C00559757 /* AppDelegate.swift */,
				A74149842A826F3C00559757 /* SceneDelegate.swift */,
				A74149862A826F3C00559757 /* ClassBookingViewController.swift */,
				A74149AE2A82CC2700559757 /* ClassCartViewController.swift */,
				A741499E2A82776300559757 /* ClassBookingViewModal.swift */,
				A74149A22A82908800559757 /* ClassBookingViewModal+DataArray.swift */,
				A74149AC2A82B21500559757 /* extensions.swift */,
				A74149A42A8299EA00559757 /* TableViewCells */,
				A74149882A826F3C00559757 /* Main.storyboard */,
				A741498E2A826F3D00559757 /* Assets.xcassets */,
				A74149902A826F3D00559757 /* LaunchScreen.storyboard */,
				A74149932A826F3D00559757 /* Info.plist */,
				A741498B2A826F3C00559757 /* ClassBookingApp.xcdatamodeld */,
				A74149A02A827E2B00559757 /* BookingData.json */,
			);
			path = ClassBookingApp;
			sourceTree = "<group>";
		};
		A741499D2A8272D000559757 /* ClassBookingItems */ = {
			isa = PBXGroup;
			children = (
				A74149992A8272BE00559757 /* ClassBookingItems+CoreDataClass.swift */,
				A741499A2A8272BE00559757 /* ClassBookingItems+CoreDataProperties.swift */,
			);
			path = ClassBookingItems;
			sourceTree = "<group>";
		};
		A74149A42A8299EA00559757 /* TableViewCells */ = {
			isa = PBXGroup;
			children = (
				A74149A82A82A61600559757 /* ClassBookingTableCell.swift */,
				A74149A92A82A61600559757 /* ClassBookingTableCell.xib */,
			);
			path = TableViewCells;
			sourceTree = "<group>";
		};
/* End PBXGroup section */

/* Begin PBXNativeTarget section */
		A741497E2A826F3C00559757 /* ClassBookingApp */ = {
			isa = PBXNativeTarget;
			buildConfigurationList = A74149962A826F3D00559757 /* Build configuration list for PBXNativeTarget "ClassBookingApp" */;
			buildPhases = (
				A741497B2A826F3C00559757 /* Sources */,
				A741497C2A826F3C00559757 /* Frameworks */,
				A741497D2A826F3C00559757 /* Resources */,
			);
			buildRules = (
			);
			dependencies = (
			);
			name = ClassBookingApp;
			productName = ClassBookingApp;
			productReference = A741497F2A826F3C00559757 /* ClassBookingApp.app */;
			productType = "com.apple.product-type.application";
		};
/* End PBXNativeTarget section */

/* Begin PBXProject section */
		A74149772A826F3C00559757 /* Project object */ = {
			isa = PBXProject;
			attributes = {
				BuildIndependentTargetsInParallel = 1;
				LastSwiftUpdateCheck = 1410;
				LastUpgradeCheck = 1410;
				TargetAttributes = {
					A741497E2A826F3C00559757 = {
						CreatedOnToolsVersion = 14.1;
					};
				};
			};
			buildConfigurationList = A741497A2A826F3C00559757 /* Build configuration list for PBXProject "ClassBookingApp" */;
			compatibilityVersion = "Xcode 14.0";
			developmentRegion = en;
			hasScannedForEncodings = 0;
			knownRegions = (
				en,
				Base,
			);
			mainGroup = A74149762A826F3C00559757;
			productRefGroup = A74149802A826F3C00559757 /* Products */;
			projectDirPath = "";
			projectRoot = "";
			targets = (
				A741497E2A826F3C00559757 /* ClassBookingApp */,
			);
		};
/* End PBXProject section */

/* Begin PBXResourcesBuildPhase section */
		A741497D2A826F3C00559757 /* Resources */ = {
			isa = PBXResourcesBuildPhase;
			buildActionMask = 2147483647;
			files = (
				A74149922A826F3D00559757 /* LaunchScreen.storyboard in Resources */,
				A741498F2A826F3D00559757 /* Assets.xcassets in Resources */,
				A74149AB2A82A61600559757 /* ClassBookingTableCell.xib in Resources */,
				A741498A2A826F3C00559757 /* Main.storyboard in Resources */,
				A74149A12A827E2B00559757 /* BookingData.json in Resources */,
			);
			runOnlyForDeploymentPostprocessing = 0;
		};
/* End PBXResourcesBuildPhase section */

/* Begin PBXSourcesBuildPhase section */
		A741497B2A826F3C00559757 /* Sources */ = {
			isa = PBXSourcesBuildPhase;
			buildActionMask = 2147483647;
			files = (
				A74149AA2A82A61600559757 /* ClassBookingTableCell.swift in Sources */,
				A741499B2A8272BE00559757 /* ClassBookingItems+CoreDataClass.swift in Sources */,
				A741498D2A826F3C00559757 /* ClassBookingApp.xcdatamodeld in Sources */,
				A74149872A826F3C00559757 /* ClassBookingViewController.swift in Sources */,
				A74149A32A82908800559757 /* ClassBookingViewModal+DataArray.swift in Sources */,
				A74149AD2A82B21500559757 /* extensions.swift in Sources */,
				A74149832A826F3C00559757 /* AppDelegate.swift in Sources */,
				A74149852A826F3C00559757 /* SceneDelegate.swift in Sources */,
				A741499F2A82776300559757 /* ClassBookingViewModal.swift in Sources */,
				A741499C2A8272BE00559757 /* ClassBookingItems+CoreDataProperties.swift in Sources */,
				A74149AF2A82CC2700559757 /* ClassCartViewController.swift in Sources */,
			);
			runOnlyForDeploymentPostprocessing = 0;
		};
/* End PBXSourcesBuildPhase section */

/* Begin PBXVariantGroup section */
		A74149882A826F3C00559757 /* Main.storyboard */ = {
			isa = PBXVariantGroup;
			children = (
				A74149892A826F3C00559757 /* Base */,
			);
			name = Main.storyboard;
			sourceTree = "<group>";
		};
		A74149902A826F3D00559757 /* LaunchScreen.storyboard */ = {
			isa = PBXVariantGroup;
			children = (
				A74149912A826F3D00559757 /* Base */,
			);
			name = LaunchScreen.storyboard;
			sourceTree = "<group>";
		};
/* End PBXVariantGroup section */

/* Begin XCBuildConfiguration section */
		A74149942A826F3D00559757 /* Debug */ = {
			isa = XCBuildConfiguration;
			buildSettings = {
				ALWAYS_SEARCH_USER_PATHS = NO;
				CLANG_ANALYZER_NONNULL = YES;
				CLANG_ANALYZER_NUMBER_OBJECT_CONVERSION = YES_AGGRESSIVE;
				CLANG_CXX_LANGUAGE_STANDARD = "gnu++20";
				CLANG_ENABLE_MODULES = YES;
				CLANG_ENABLE_OBJC_ARC = YES;
				CLANG_ENABLE_OBJC_WEAK = YES;
				CLANG_WARN_BLOCK_CAPTURE_AUTORELEASING = YES;
				CLANG_WARN_BOOL_CONVERSION = YES;
				CLANG_WARN_COMMA = YES;
				CLANG_WARN_CONSTANT_CONVERSION = YES;
				CLANG_WARN_DEPRECATED_OBJC_IMPLEMENTATIONS = YES;
				CLANG_WARN_DIRECT_OBJC_ISA_USAGE = YES_ERROR;
				CLANG_WARN_DOCUMENTATION_COMMENTS = YES;
				CLANG_WARN_EMPTY_BODY = YES;
				CLANG_WARN_ENUM_CONVERSION = YES;
				CLANG_WARN_INFINITE_RECURSION = YES;
				CLANG_WARN_INT_CONVERSION = YES;
				CLANG_WARN_NON_LITERAL_NULL_CONVERSION = YES;
				CLANG_WARN_OBJC_IMPLICIT_RETAIN_SELF = YES;
				CLANG_WARN_OBJC_LITERAL_CONVERSION = YES;
				CLANG_WARN_OBJC_ROOT_CLASS = YES_ERROR;
				CLANG_WARN_QUOTED_INCLUDE_IN_FRAMEWORK_HEADER = YES;
				CLANG_WARN_RANGE_LOOP_ANALYSIS = YES;
				CLANG_WARN_STRICT_PROTOTYPES = YES;
				CLANG_WARN_SUSPICIOUS_MOVE = YES;
				CLANG_WARN_UNGUARDED_AVAILABILITY = YES_AGGRESSIVE;
				CLANG_WARN_UNREACHABLE_CODE = YES;
				CLANG_WARN__DUPLICATE_METHOD_MATCH = YES;
				COPY_PHASE_STRIP = NO;
				DEBUG_INFORMATION_FORMAT = dwarf;
				ENABLE_STRICT_OBJC_MSGSEND = YES;
				ENABLE_TESTABILITY = YES;
				GCC_C_LANGUAGE_STANDARD = gnu11;
				GCC_DYNAMIC_NO_PIC = NO;
				GCC_NO_COMMON_BLOCKS = YES;
				GCC_OPTIMIZATION_LEVEL = 0;
				GCC_PREPROCESSOR_DEFINITIONS = (
					"DEBUG=1",
					"$(inherited)",
				);
				GCC_WARN_64_TO_32_BIT_CONVERSION = YES;
				GCC_WARN_ABOUT_RETURN_TYPE = YES_ERROR;
				GCC_WARN_UNDECLARED_SELECTOR = YES;
				GCC_WARN_UNINITIALIZED_AUTOS = YES_AGGRESSIVE;
				GCC_WARN_UNUSED_FUNCTION = YES;
				GCC_WARN_UNUSED_VARIABLE = YES;
				IPHONEOS_DEPLOYMENT_TARGET = 16.1;
				MTL_ENABLE_DEBUG_INFO = INCLUDE_SOURCE;
				MTL_FAST_MATH = YES;
				ONLY_ACTIVE_ARCH = YES;
				SDKROOT = iphoneos;
				SWIFT_ACTIVE_COMPILATION_CONDITIONS = DEBUG;
				SWIFT_OPTIMIZATION_LEVEL = "-Onone";
			};
			name = Debug;
		};
		A74149952A826F3D00559757 /* Release */ = {
			isa = XCBuildConfiguration;
			buildSettings = {
				ALWAYS_SEARCH_USER_PATHS = NO;
				CLANG_ANALYZER_NONNULL = YES;
				CLANG_ANALYZER_NUMBER_OBJECT_CONVERSION = YES_AGGRESSIVE;
				CLANG_CXX_LANGUAGE_STANDARD = "gnu++20";
				CLANG_ENABLE_MODULES = YES;
				CLANG_ENABLE_OBJC_ARC = YES;
				CLANG_ENABLE_OBJC_WEAK = YES;
				CLANG_WARN_BLOCK_CAPTURE_AUTORELEASING = YES;
				CLANG_WARN_BOOL_CONVERSION = YES;
				CLANG_WARN_COMMA = YES;
				CLANG_WARN_CONSTANT_CONVERSION = YES;
				CLANG_WARN_DEPRECATED_OBJC_IMPLEMENTATIONS = YES;
				CLANG_WARN_DIRECT_OBJC_ISA_USAGE = YES_ERROR;
				CLANG_WARN_DOCUMENTATION_COMMENTS = YES;
				CLANG_WARN_EMPTY_BODY = YES;
				CLANG_WARN_ENUM_CONVERSION = YES;
				CLANG_WARN_INFINITE_RECURSION = YES;
				CLANG_WARN_INT_CONVERSION = YES;
				CLANG_WARN_NON_LITERAL_NULL_CONVERSION = YES;
				CLANG_WARN_OBJC_IMPLICIT_RETAIN_SELF = YES;
				CLANG_WARN_OBJC_LITERAL_CONVERSION = YES;
				CLANG_WARN_OBJC_ROOT_CLASS = YES_ERROR;
				CLANG_WARN_QUOTED_INCLUDE_IN_FRAMEWORK_HEADER = YES;
				CLANG_WARN_RANGE_LOOP_ANALYSIS = YES;
				CLANG_WARN_STRICT_PROTOTYPES = YES;
				CLANG_WARN_SUSPICIOUS_MOVE = YES;
				CLANG_WARN_UNGUARDED_AVAILABILITY = YES_AGGRESSIVE;
				CLANG_WARN_UNREACHABLE_CODE = YES;
				CLANG_WARN__DUPLICATE_METHOD_MATCH = YES;
				COPY_PHASE_STRIP = NO;
				DEBUG_INFORMATION_FORMAT = "dwarf-with-dsym";
				ENABLE_NS_ASSERTIONS = NO;
				ENABLE_STRICT_OBJC_MSGSEND = YES;
				GCC_C_LANGUAGE_STANDARD = gnu11;
				GCC_NO_COMMON_BLOCKS = YES;
				GCC_WARN_64_TO_32_BIT_CONVERSION = YES;
				GCC_WARN_ABOUT_RETURN_TYPE = YES_ERROR;
				GCC_WARN_UNDECLARED_SELECTOR = YES;
				GCC_WARN_UNINITIALIZED_AUTOS = YES_AGGRESSIVE;
				GCC_WARN_UNUSED_FUNCTION = YES;
				GCC_WARN_UNUSED_VARIABLE = YES;
				IPHONEOS_DEPLOYMENT_TARGET = 16.1;
				MTL_ENABLE_DEBUG_INFO = NO;
				MTL_FAST_MATH = YES;
				SDKROOT = iphoneos;
				SWIFT_COMPILATION_MODE = wholemodule;
				SWIFT_OPTIMIZATION_LEVEL = "-O";
				VALIDATE_PRODUCT = YES;
			};
			name = Release;
		};
		A74149972A826F3D00559757 /* Debug */ = {
			isa = XCBuildConfiguration;
			buildSettings = {
				ASSETCATALOG_COMPILER_APPICON_NAME = AppIcon;
				ASSETCATALOG_COMPILER_GLOBAL_ACCENT_COLOR_NAME = AccentColor;
				CODE_SIGN_STYLE = Automatic;
				CURRENT_PROJECT_VERSION = 1;
				GENERATE_INFOPLIST_FILE = YES;
				INFOPLIST_FILE = ClassBookingApp/Info.plist;
				INFOPLIST_KEY_UIApplicationSupportsIndirectInputEvents = YES;
				INFOPLIST_KEY_UILaunchStoryboardName = LaunchScreen;
				INFOPLIST_KEY_UIMainStoryboardFile = Main;
				INFOPLIST_KEY_UISupportedInterfaceOrientations_iPad = "UIInterfaceOrientationPortrait UIInterfaceOrientationPortraitUpsideDown UIInterfaceOrientationLandscapeLeft UIInterfaceOrientationLandscapeRight";
				INFOPLIST_KEY_UISupportedInterfaceOrientations_iPhone = "UIInterfaceOrientationPortrait UIInterfaceOrientationLandscapeLeft UIInterfaceOrientationLandscapeRight";
				LD_RUNPATH_SEARCH_PATHS = (
					"$(inherited)",
					"@executable_path/Frameworks",
				);
				MARKETING_VERSION = 1.0;
				PRODUCT_BUNDLE_IDENTIFIER = com.tabish.ClassBookingApp;
				PRODUCT_NAME = "$(TARGET_NAME)";
				SWIFT_EMIT_LOC_STRINGS = YES;
				SWIFT_VERSION = 5.0;
				TARGETED_DEVICE_FAMILY = "1,2";
			};
			name = Debug;
		};
		A74149982A826F3D00559757 /* Release */ = {
			isa = XCBuildConfiguration;
			buildSettings = {
				ASSETCATALOG_COMPILER_APPICON_NAME = AppIcon;
				ASSETCATALOG_COMPILER_GLOBAL_ACCENT_COLOR_NAME = AccentColor;
				CODE_SIGN_STYLE = Automatic;
				CURRENT_PROJECT_VERSION = 1;
				GENERATE_INFOPLIST_FILE = YES;
				INFOPLIST_FILE = ClassBookingApp/Info.plist;
				INFOPLIST_KEY_UIApplicationSupportsIndirectInputEvents = YES;
				INFOPLIST_KEY_UILaunchStoryboardName = LaunchScreen;
				INFOPLIST_KEY_UIMainStoryboardFile = Main;
				INFOPLIST_KEY_UISupportedInterfaceOrientations_iPad = "UIInterfaceOrientationPortrait UIInterfaceOrientationPortraitUpsideDown UIInterfaceOrientationLandscapeLeft UIInterfaceOrientationLandscapeRight";
				INFOPLIST_KEY_UISupportedInterfaceOrientations_iPhone = "UIInterfaceOrientationPortrait UIInterfaceOrientationLandscapeLeft UIInterfaceOrientationLandscapeRight";
				LD_RUNPATH_SEARCH_PATHS = (
					"$(inherited)",
					"@executable_path/Frameworks",
				);
				MARKETING_VERSION = 1.0;
				PRODUCT_BUNDLE_IDENTIFIER = com.tabish.ClassBookingApp;
				PRODUCT_NAME = "$(TARGET_NAME)";
				SWIFT_EMIT_LOC_STRINGS = YES;
				SWIFT_VERSION = 5.0;
				TARGETED_DEVICE_FAMILY = "1,2";
			};
			name = Release;
		};
/* End XCBuildConfiguration section */

/* Begin XCConfigurationList section */
		A741497A2A826F3C00559757 /* Build configuration list for PBXProject "ClassBookingApp" */ = {
			isa = XCConfigurationList;
			buildConfigurations = (
				A74149942A826F3D00559757 /* Debug */,
				A74149952A826F3D00559757 /* Release */,
			);
			defaultConfigurationIsVisible = 0;
			defaultConfigurationName = Release;
		};
		A74149962A826F3D00559757 /* Build configuration list for PBXNativeTarget "ClassBookingApp" */ = {
			isa = XCConfigurationList;
			buildConfigurations = (
				A74149972A826F3D00559757 /* Debug */,
				A74149982A826F3D00559757 /* Release */,
			);
			defaultConfigurationIsVisible = 0;
			defaultConfigurationName = Release;
		};
/* End XCConfigurationList section */

/* Begin XCVersionGroup section */
		A741498B2A826F3C00559757 /* ClassBookingApp.xcdatamodeld */ = {
			isa = XCVersionGroup;
			children = (
				A741498C2A826F3C00559757 /* ClassBookingApp.xcdatamodel */,
			);
			currentVersion = A741498C2A826F3C00559757 /* ClassBookingApp.xcdatamodel */;
			path = ClassBookingApp.xcdatamodeld;
			sourceTree = "<group>";
			versionGroupType = wrapper.xcdatamodel;
		};
/* End XCVersionGroup section */
	};
	rootObject = A74149772A826F3C00559757 /* Project object */;
}
